
Microsoft Visual Studio Solution File, Format Version 12.00
# Visual Studio Version 16
VisualStudioVersion = 16.0.808.6
MinimumVisualStudioVersion = 10.0.40219.1
Project("{FAE04EC0-301F-11D3-BF4B-00C04F79EFBC}") = "ExchangeBooks", "src\ExchangeBooks\ExchangeBooks.csproj", "{C998C95C-3492-482C-8A96-FE9504F79AB6}"
EndProject
Project("{FAE04EC0-301F-11D3-BF4B-00C04F79EFBC}") = "ExchangeBooks.Android", "src\ExchangeBooks.Android\ExchangeBooks.Android.csproj", "{5DD74B61-9CD0-449A-91EB-1F512C4F7B93}"
EndProject
Global
	GlobalSection(SolutionConfigurationPlatforms) = preSolution
		Debug|Any CPU = Debug|Any CPU
		Release|Any CPU = Release|Any CPU
	EndGlobalSection
	GlobalSection(ProjectConfigurationPlatforms) = postSolution
		{C998C95C-3492-482C-8A96-FE9504F79AB6}.Debug|Any CPU.ActiveCfg = Debug|Any CPU
		{C998C95C-3492-482C-8A96-FE9504F79AB6}.Debug|Any CPU.Build.0 = Debug|Any CPU
		{C998C95C-3492-482C-8A96-FE9504F79AB6}.Release|Any CPU.ActiveCfg = Release|Any CPU
		{C998C95C-3492-482C-8A96-FE9504F79AB6}.Release|Any CPU.Build.0 = Release|Any CPU
		{5DD74B61-9CD0-449A-91EB-1F512C4F7B93}.Debug|Any CPU.ActiveCfg = Debug|Any CPU
		{5DD74B61-9CD0-449A-91EB-1F512C4F7B93}.Debug|Any CPU.Build.0 = Debug|Any CPU
		{5DD74B61-9CD0-449A-91EB-1F512C4F7B93}.Release|Any CPU.ActiveCfg = Release|Any CPU
		{5DD74B61-9CD0-449A-91EB-1F512C4F7B93}.Release|Any CPU.Build.0 = Release|Any CPU
	EndGlobalSection
	GlobalSection(SolutionProperties) = preSolution
		HideSolutionNode = FALSE
	EndGlobalSection
	GlobalSection(ExtensibilityGlobals) = postSolution
		SolutionGuid = {FC7CF414-2EAD-44CB-9813-059D18DF0E00}
	EndGlobalSection
EndGlobal
